
Microsoft Visual Studio Solution File, Format Version 12.00
# Visual Studio 15
VisualStudioVersion = 15.0.28010.2050
MinimumVisualStudioVersion = 10.0.40219.1
Project("{2150E333-8FDC-42A3-9474-1A3956D46DE8}") = "0 - Domain", "0 - Domain", "{5B6096DD-C84C-4FAF-8055-F39E791BF984}"
EndProject
Project("{2150E333-8FDC-42A3-9474-1A3956D46DE8}") = "1 - Tests", "1 - Tests", "{784C01B0-9F7C-4437-A97C-1CAE1CB8E784}"
EndProject
Project("{2150E333-8FDC-42A3-9474-1A3956D46DE8}") = "2 - Infra", "2 - Infra", "{20EC0855-4E06-4BAB-9702-BFDC08C60A13}"
EndProject
Project("{2150E333-8FDC-42A3-9474-1A3956D46DE8}") = "3 - Application", "3 - Application", "{A70A8A74-421A-46D9-9606-10598D02A4C4}"
EndProject
Project("{2150E333-8FDC-42A3-9474-1A3956D46DE8}") = "4 - API", "4 - API", "{08A03230-0147-4B97-B25A-752F4E3FF1A9}"
EndProject
Project("{2150E333-8FDC-42A3-9474-1A3956D46DE8}") = "5 - Presentation", "5 - Presentation", "{FDE41C9E-48B0-4CA2-B4DF-E4202707AD21}"
EndProject
Project("{FAE04EC0-301F-11D3-BF4B-00C04F79EFBC}") = "API", "API\API.csproj", "{44738170-B035-41D1-8818-12A10363E1A0}"
EndProject
Global
	GlobalSection(SolutionConfigurationPlatforms) = preSolution
		Debug|Any CPU = Debug|Any CPU
		Release|Any CPU = Release|Any CPU
	EndGlobalSection
	GlobalSection(ProjectConfigurationPlatforms) = postSolution
		{44738170-B035-41D1-8818-12A10363E1A0}.Debug|Any CPU.ActiveCfg = Debug|Any CPU
		{44738170-B035-41D1-8818-12A10363E1A0}.Debug|Any CPU.Build.0 = Debug|Any CPU
		{44738170-B035-41D1-8818-12A10363E1A0}.Release|Any CPU.ActiveCfg = Release|Any CPU
		{44738170-B035-41D1-8818-12A10363E1A0}.Release|Any CPU.Build.0 = Release|Any CPU
	EndGlobalSection
	GlobalSection(SolutionProperties) = preSolution
		HideSolutionNode = FALSE
	EndGlobalSection
	GlobalSection(NestedProjects) = preSolution
		{44738170-B035-41D1-8818-12A10363E1A0} = {08A03230-0147-4B97-B25A-752F4E3FF1A9}
	EndGlobalSection
	GlobalSection(ExtensibilityGlobals) = postSolution
		SolutionGuid = {0AB8941A-CFD3-4A85-BA82-59EEA425F1E8}
	EndGlobalSection
EndGlobal
